
Microsoft Visual Studio Solution File, Format Version 12.00
# Visual Studio Version 16
VisualStudioVersion = 16.0.29613.14
MinimumVisualStudioVersion = 10.0.40219.1
Project("{9A19103F-16F7-4668-BE54-9A1E7A4F7556}") = "SLTestDemo", "SlTestDemo\SLTestDemo.csproj", "{75552879-307F-4AD7-87D8-911FE0533997}"
EndProject
Global
	GlobalSection(SolutionConfigurationPlatforms) = preSolution
		Debug|Any CPU = Debug|Any CPU
		Release|Any CPU = Release|Any CPU
	EndGlobalSection
	GlobalSection(ProjectConfigurationPlatforms) = postSolution
		{75552879-307F-4AD7-87D8-911FE0533997}.Debug|Any CPU.ActiveCfg = Debug|Any CPU
		{75552879-307F-4AD7-87D8-911FE0533997}.Debug|Any CPU.Build.0 = Debug|Any CPU
		{75552879-307F-4AD7-87D8-911FE0533997}.Release|Any CPU.ActiveCfg = Release|Any CPU
		{75552879-307F-4AD7-87D8-911FE0533997}.Release|Any CPU.Build.0 = Release|Any CPU
	EndGlobalSection
	GlobalSection(SolutionProperties) = preSolution
		HideSolutionNode = FALSE
	EndGlobalSection
	GlobalSection(ExtensibilityGlobals) = postSolution
		SolutionGuid = {60854975-9A22-4F1E-9F72-D7430E8179FC}
	EndGlobalSection
EndGlobal
